
Microsoft Visual Studio Solution File, Format Version 12.00
# Visual Studio Version 17
VisualStudioVersion = 17.8.34408.163
MinimumVisualStudioVersion = 10.0.40219.1
Project("{9A19103F-16F7-4668-BE54-9A1E7A4F7556}") = "Campus02WebService", "Campus02WebService\Campus02WebService.csproj", "{AE6579C8-9BF8-44C1-89DA-846C63C961BA}"
EndProject
Project("{9A19103F-16F7-4668-BE54-9A1E7A4F7556}") = "WebApiClient", "WebApiClient\WebApiClient.csproj", "{F259C5A1-A149-4115-B3EE-867CC4A74628}"
EndProject
Project("{FAE04EC0-301F-11D3-BF4B-00C04F79EFBC}") = "ConsoleWebApiClient", "ConsoleWebApiClient\ConsoleWebApiClient.csproj", "{9D273136-4924-49CC-AAD5-741FE030E8DE}"
EndProject
Global
	GlobalSection(SolutionConfigurationPlatforms) = preSolution
		Debug|Any CPU = Debug|Any CPU
		Release|Any CPU = Release|Any CPU
	EndGlobalSection
	GlobalSection(ProjectConfigurationPlatforms) = postSolution
		{AE6579C8-9BF8-44C1-89DA-846C63C961BA}.Debug|Any CPU.ActiveCfg = Debug|Any CPU
		{AE6579C8-9BF8-44C1-89DA-846C63C961BA}.Debug|Any CPU.Build.0 = Debug|Any CPU
		{AE6579C8-9BF8-44C1-89DA-846C63C961BA}.Release|Any CPU.ActiveCfg = Release|Any CPU
		{AE6579C8-9BF8-44C1-89DA-846C63C961BA}.Release|Any CPU.Build.0 = Release|Any CPU
		{F259C5A1-A149-4115-B3EE-867CC4A74628}.Debug|Any CPU.ActiveCfg = Debug|Any CPU
		{F259C5A1-A149-4115-B3EE-867CC4A74628}.Debug|Any CPU.Build.0 = Debug|Any CPU
		{F259C5A1-A149-4115-B3EE-867CC4A74628}.Release|Any CPU.ActiveCfg = Release|Any CPU
		{F259C5A1-A149-4115-B3EE-867CC4A74628}.Release|Any CPU.Build.0 = Release|Any CPU
		{9D273136-4924-49CC-AAD5-741FE030E8DE}.Debug|Any CPU.ActiveCfg = Debug|Any CPU
		{9D273136-4924-49CC-AAD5-741FE030E8DE}.Debug|Any CPU.Build.0 = Debug|Any CPU
		{9D273136-4924-49CC-AAD5-741FE030E8DE}.Release|Any CPU.ActiveCfg = Release|Any CPU
		{9D273136-4924-49CC-AAD5-741FE030E8DE}.Release|Any CPU.Build.0 = Release|Any CPU
	EndGlobalSection
	GlobalSection(SolutionProperties) = preSolution
		HideSolutionNode = FALSE
	EndGlobalSection
	GlobalSection(ExtensibilityGlobals) = postSolution
		SolutionGuid = {C6BA57A8-1BEA-486D-9C4D-681FB3388847}
	EndGlobalSection
EndGlobal
